/sc/arion/projects/ad-omics/winston/jacusa_workspace/snakemake_testing/ESannotations.txt
/sc/arion/projects/ad-omics/winston/jacusa_workspace/snakemake_testing/filtCoverageMatrix.txt
/sc/arion/projects/ad-omics/winston/jacusa_workspace/snakemake_testing/filtRatioMatrix.txt
/sc/arion/projects/ad-omics/winston/jacusa_workspace/snakemake_testing/coverageMatrix.txt
/sc/arion/projects/ad-omics/winston/jacusa_workspace/snakemake_testing/ratioMatrix.txt
/sc/arion/projects/ad-omics/winston/jacusa_workspace/snakemake_testing/avinput.txt
/sc/arion/projects/ad-omics/winston/jacusa_workspace/snakemake_testing/CASE-NEUAA599TMX-5310-T_P10.out
/sc/arion/projects/ad-omics/winston/jacusa_workspace/snakemake_testing/CASE-NEUAB000NKC-5726-T_P68.out
/sc/arion/projects/ad-omics/winston/jacusa_workspace/snakemake_testing/myanno.hg38_multianno.txt.noCommon.txt
/sc/arion/projects/ad-omics/winston/jacusa_workspace/snakemake_testing/myanno.hg38_multianno.txt
/sc/arion/projects/ad-omics/winston/jacusa_workspace/snakemake_testing/CASE-NEUAA599TMX-5310-T_P10.filt
/sc/arion/projects/ad-omics/winston/jacusa_workspace/snakemake_testing/CASE-NEUAB000NKC-5726-T_P68.filt
